
Microsoft Visual Studio Solution File, Format Version 12.00
# Visual Studio Version 17
VisualStudioVersion = 17.5.33530.505
MinimumVisualStudioVersion = 10.0.40219.1
Project("{FAE04EC0-301F-11D3-BF4B-00C04F79EFBC}") = "jenkins-teste", "jenkins-teste\jenkins-teste.csproj", "{C2C5634D-2BBC-477B-83A4-3AF255B3111B}"
EndProject
Global
	GlobalSection(SolutionConfigurationPlatforms) = preSolution
		Debug|Any CPU = Debug|Any CPU
		Release|Any CPU = Release|Any CPU
	EndGlobalSection
	GlobalSection(ProjectConfigurationPlatforms) = postSolution
		{C2C5634D-2BBC-477B-83A4-3AF255B3111B}.Debug|Any CPU.ActiveCfg = Debug|Any CPU
		{C2C5634D-2BBC-477B-83A4-3AF255B3111B}.Debug|Any CPU.Build.0 = Debug|Any CPU
		{C2C5634D-2BBC-477B-83A4-3AF255B3111B}.Release|Any CPU.ActiveCfg = Release|Any CPU
		{C2C5634D-2BBC-477B-83A4-3AF255B3111B}.Release|Any CPU.Build.0 = Release|Any CPU
	EndGlobalSection
	GlobalSection(SolutionProperties) = preSolution
		HideSolutionNode = FALSE
	EndGlobalSection
	GlobalSection(ExtensibilityGlobals) = postSolution
		SolutionGuid = {C22518D2-9CDD-4543-AF84-0C6A9C1DD21C}
	EndGlobalSection
EndGlobal
